{
  "name": "metro-samples",
  "version": "unspecified",
  "lockfileVersion": 3,
  "requires": true,
  "packages": {
    "": {
      "name": "metro-samples",
      "version": "unspecified",
      "workspaces": [
        "packages/metro-samples-integration-tests",
        "packages/metro-samples-integration-tests-test",
        "packages_imported/metro-runtime-wasmjs/0.13.2"
      ],
      "devDependencies": {}
    },
    "node_modules/metro-runtime-wasmjs": {
      "resolved": "packages_imported/metro-runtime-wasmjs/0.13.2",
      "link": true
    },
    "node_modules/metro-samples-integration-tests": {
      "resolved": "packages/metro-samples-integration-tests",
      "link": true
    },
    "node_modules/metro-samples-integration-tests-test": {
      "resolved": "packages/metro-samples-integration-tests-test",
      "link": true
    },
    "packages_imported/metro-runtime-wasmjs/0.13.2": {
      "name": "metro-runtime-wasmjs",
      "version": "0.13.2",
      "devDependencies": {}
    },
    "packages/metro-samples-integration-tests": {
      "version": "0.0.0-unspecified",
      "devDependencies": {}
    },
    "packages/metro-samples-integration-tests-test": {
      "version": "0.0.0-unspecified",
      "devDependencies": {}
    }
  }
}
